{
  "version": "5",
  "specifiers": {
    "npm:bcryptjs@^2.4.3": "2.4.3",
    "npm:hono@^4.6.0": "4.13.3",
    "npm:postgres@^3.4.5": "3.4.9"
  },
  "npm": {
    "bcryptjs@2.4.3": {
      "integrity": "sha512-V/Hy/X9Vt7f3BbPJEi8BdVFMByHi+jNXrYkW3huaybV/kQ0KJg0Y6PkEMbn+zeT+i+SiKZ/HMqJGIIt4LZDqNQ=="
    },
    "hono@4.13.3": {
      "integrity": "sha512-r8AO2mYHoLxSHkgafNeC/BXyb2vWRxD3jem4Ts+ptav8oTG5FIRifAjuJEmZI4bSvvc2ns0GxmIYiZnHqN3mMw=="
    },
    "postgres@3.4.9": {
      "integrity": "sha512-GD3qdB0x1z9xgFI6cdRD6xu2Sp2WCOEoe3mtnyB5Ee0XrrL5Pe+e4CCnJrRMnL1zYtRDZmQQVbvOttLnKDLnaw=="
    }
  },
  "workspace": {
    "dependencies": [
      "npm:bcryptjs@^2.4.3",
      "npm:hono@^4.6.0",
      "npm:postgres@^3.4.5"
    ]
  }
}
